
Microsoft Visual Studio Solution File, Format Version 12.00
# Visual Studio Version 17
VisualStudioVersion = 17.1.32210.238
MinimumVisualStudioVersion = 10.0.40219.1
Project("{9A19103F-16F7-4668-BE54-9A1E7A4F7556}") = "API_ALTA_WS", "API_ALTA_WS\API_ALTA_WS.csproj", "{F2D1D322-FC80-4C8B-8295-76FB71C61F50}"
EndProject
Project("{2150E333-8FDC-42A3-9474-1A3956D46DE8}") = "doc", "doc", "{49318723-8C59-49D5-81E6-41525B9E66D8}"
EndProject
Project("{2150E333-8FDC-42A3-9474-1A3956D46DE8}") = "src", "src", "{834EDD54-B5CF-4D3E-BA3B-B37CB47232E4}"
EndProject
Project("{2150E333-8FDC-42A3-9474-1A3956D46DE8}") = "test", "test", "{FD10C639-AE84-40C9-94E3-B51134166054}"
EndProject
Project("{2150E333-8FDC-42A3-9474-1A3956D46DE8}") = "ApplicationBusinessRules", "ApplicationBusinessRules", "{97A5C291-8636-403B-B3D6-B2757ACD89B8}"
EndProject
Project("{2150E333-8FDC-42A3-9474-1A3956D46DE8}") = "EnterpriseBusinessRules", "EnterpriseBusinessRules", "{1CCA2D19-8AE6-4B6F-894C-A54F8BDEAE03}"
EndProject
Project("{2150E333-8FDC-42A3-9474-1A3956D46DE8}") = "FrameworksAndDrivers", "FrameworksAndDrivers", "{8CA1C3D5-30D4-43D0-964F-6BB5E2CAB526}"
EndProject
Project("{2150E333-8FDC-42A3-9474-1A3956D46DE8}") = "InterfaceAdapters", "InterfaceAdapters", "{20AD95D6-D3A4-4A85-98D8-0C8740DC89A3}"
EndProject
Project("{2150E333-8FDC-42A3-9474-1A3956D46DE8}") = "UIs", "UIs", "{C95A92EE-CD42-4A47-A16A-C2F9D28E8146}"
EndProject
Project("{9A19103F-16F7-4668-BE54-9A1E7A4F7556}") = "AltaApi.Entities", "AltaApi.Entities\AltaApi.Entities.csproj", "{24C20A24-315C-4259-9BC5-C60600960ED0}"
EndProject
Project("{2150E333-8FDC-42A3-9474-1A3956D46DE8}") = "Gateways", "Gateways", "{69D1C0B8-343E-4BB4-89F3-C3C300D5029C}"
EndProject
Project("{9A19103F-16F7-4668-BE54-9A1E7A4F7556}") = "AltaApi.EFCore", "AltaApi.EFCore\AltaApi.EFCore.csproj", "{DD5147C7-B424-4DEA-8AAC-97372E3F5F01}"
EndProject
Project("{9A19103F-16F7-4668-BE54-9A1E7A4F7556}") = "AltaApi.DTOs", "AltaApi.DTOs\AltaApi.DTOs.csproj", "{8EA29A34-9DB6-412E-A785-54451BB60C5B}"
EndProject
Project("{9A19103F-16F7-4668-BE54-9A1E7A4F7556}") = "AltaApi.UseCases", "AltaApi.UseCases\AltaApi.UseCases.csproj", "{F97A8420-A83E-4BEF-A010-B8F3CA68683D}"
EndProject
Project("{2150E333-8FDC-42A3-9474-1A3956D46DE8}") = "WebApiClients", "WebApiClients", "{3F183CE2-543C-46C0-818F-BA6B3DEE6B93}"
EndProject
Project("{9A19103F-16F7-4668-BE54-9A1E7A4F7556}") = "AltaApi.WebClients", "AltaApi.WebClients\AltaApi.WebClients.csproj", "{821CA1A5-0970-4603-B468-31131445F5AB}"
EndProject
Project("{9A19103F-16F7-4668-BE54-9A1E7A4F7556}") = "AltaApi.Exceptions", "AltaApi.Exceptions\AltaApi.Exceptions.csproj", "{72EDC4BF-B0CE-4DFE-9D44-9F066728EBA6}"
EndProject
Project("{2150E333-8FDC-42A3-9474-1A3956D46DE8}") = "Controllers", "Controllers", "{A18C3A44-A43D-40F2-8827-9EF39DCD4879}"
EndProject
Project("{9A19103F-16F7-4668-BE54-9A1E7A4F7556}") = "AltaApi.Controllers", "ApiAlta.Controllers\AltaApi.Controllers.csproj", "{49210A7D-AAE6-4545-8B9B-3FA7B2A9247E}"
EndProject
Project("{2150E333-8FDC-42A3-9474-1A3956D46DE8}") = "Helpers", "Helpers", "{9D3993E5-51EC-4DF4-8127-6B593938A3E3}"
	ProjectSection(SolutionItems) = preProject
		AltaApi.WebClients\Helpers\WebHelpers.cs = AltaApi.WebClients\Helpers\WebHelpers.cs
	EndProjectSection
EndProject
Project("{9A19103F-16F7-4668-BE54-9A1E7A4F7556}") = "AltaApi.UseCasesPorts", "AltaApi.UseCasesPorts\AltaApi.UseCasesPorts.csproj", "{99C73654-5BC1-4424-BDFE-CD64393D4711}"
EndProject
Project("{FAE04EC0-301F-11D3-BF4B-00C04F79EFBC}") = "AltaApi.IoC", "AltaApi.IoC\AltaApi.IoC.csproj", "{7FF3F319-B718-4D88-A106-6AFD3A64B41B}"
EndProject
Project("{FAE04EC0-301F-11D3-BF4B-00C04F79EFBC}") = "AltaApi.Adapters", "AltaApi.Adapters\AltaApi.Adapters.csproj", "{E16663EE-BD6E-418B-AB95-845FFF8926CD}"
EndProject
Project("{2150E333-8FDC-42A3-9474-1A3956D46DE8}") = "Services", "Services", "{39E04E67-C8A5-4D60-B4D3-17CDBD06E0B2}"
EndProject
Project("{FAE04EC0-301F-11D3-BF4B-00C04F79EFBC}") = "AltaApi.Services", "AltaApi.Services\AltaApi.Services.csproj", "{6A48B75D-17D3-4F84-AD2C-62F30215B801}"
EndProject
Global
	GlobalSection(SolutionConfigurationPlatforms) = preSolution
		Debug|Any CPU = Debug|Any CPU
		Release|Any CPU = Release|Any CPU
	EndGlobalSection
	GlobalSection(ProjectConfigurationPlatforms) = postSolution
		{F2D1D322-FC80-4C8B-8295-76FB71C61F50}.Debug|Any CPU.ActiveCfg = Debug|Any CPU
		{F2D1D322-FC80-4C8B-8295-76FB71C61F50}.Debug|Any CPU.Build.0 = Debug|Any CPU
		{F2D1D322-FC80-4C8B-8295-76FB71C61F50}.Release|Any CPU.ActiveCfg = Release|Any CPU
		{F2D1D322-FC80-4C8B-8295-76FB71C61F50}.Release|Any CPU.Build.0 = Release|Any CPU
		{24C20A24-315C-4259-9BC5-C60600960ED0}.Debug|Any CPU.ActiveCfg = Debug|Any CPU
		{24C20A24-315C-4259-9BC5-C60600960ED0}.Debug|Any CPU.Build.0 = Debug|Any CPU
		{24C20A24-315C-4259-9BC5-C60600960ED0}.Release|Any CPU.ActiveCfg = Release|Any CPU
		{24C20A24-315C-4259-9BC5-C60600960ED0}.Release|Any CPU.Build.0 = Release|Any CPU
		{DD5147C7-B424-4DEA-8AAC-97372E3F5F01}.Debug|Any CPU.ActiveCfg = Debug|Any CPU
		{DD5147C7-B424-4DEA-8AAC-97372E3F5F01}.Debug|Any CPU.Build.0 = Debug|Any CPU
		{DD5147C7-B424-4DEA-8AAC-97372E3F5F01}.Release|Any CPU.ActiveCfg = Release|Any CPU
		{DD5147C7-B424-4DEA-8AAC-97372E3F5F01}.Release|Any CPU.Build.0 = Release|Any CPU
		{8EA29A34-9DB6-412E-A785-54451BB60C5B}.Debug|Any CPU.ActiveCfg = Debug|Any CPU
		{8EA29A34-9DB6-412E-A785-54451BB60C5B}.Debug|Any CPU.Build.0 = Debug|Any CPU
		{8EA29A34-9DB6-412E-A785-54451BB60C5B}.Release|Any CPU.ActiveCfg = Release|Any CPU
		{8EA29A34-9DB6-412E-A785-54451BB60C5B}.Release|Any CPU.Build.0 = Release|Any CPU
		{F97A8420-A83E-4BEF-A010-B8F3CA68683D}.Debug|Any CPU.ActiveCfg = Debug|Any CPU
		{F97A8420-A83E-4BEF-A010-B8F3CA68683D}.Debug|Any CPU.Build.0 = Debug|Any CPU
		{F97A8420-A83E-4BEF-A010-B8F3CA68683D}.Release|Any CPU.ActiveCfg = Release|Any CPU
		{F97A8420-A83E-4BEF-A010-B8F3CA68683D}.Release|Any CPU.Build.0 = Release|Any CPU
		{821CA1A5-0970-4603-B468-31131445F5AB}.Debug|Any CPU.ActiveCfg = Debug|Any CPU
		{821CA1A5-0970-4603-B468-31131445F5AB}.Debug|Any CPU.Build.0 = Debug|Any CPU
		{821CA1A5-0970-4603-B468-31131445F5AB}.Release|Any CPU.ActiveCfg = Release|Any CPU
		{821CA1A5-0970-4603-B468-31131445F5AB}.Release|Any CPU.Build.0 = Release|Any CPU
		{72EDC4BF-B0CE-4DFE-9D44-9F066728EBA6}.Debug|Any CPU.ActiveCfg = Debug|Any CPU
		{72EDC4BF-B0CE-4DFE-9D44-9F066728EBA6}.Debug|Any CPU.Build.0 = Debug|Any CPU
		{72EDC4BF-B0CE-4DFE-9D44-9F066728EBA6}.Release|Any CPU.ActiveCfg = Release|Any CPU
		{72EDC4BF-B0CE-4DFE-9D44-9F066728EBA6}.Release|Any CPU.Build.0 = Release|Any CPU
		{49210A7D-AAE6-4545-8B9B-3FA7B2A9247E}.Debug|Any CPU.ActiveCfg = Debug|Any CPU
		{49210A7D-AAE6-4545-8B9B-3FA7B2A9247E}.Debug|Any CPU.Build.0 = Debug|Any CPU
		{49210A7D-AAE6-4545-8B9B-3FA7B2A9247E}.Release|Any CPU.ActiveCfg = Release|Any CPU
		{49210A7D-AAE6-4545-8B9B-3FA7B2A9247E}.Release|Any CPU.Build.0 = Release|Any CPU
		{99C73654-5BC1-4424-BDFE-CD64393D4711}.Debug|Any CPU.ActiveCfg = Debug|Any CPU
		{99C73654-5BC1-4424-BDFE-CD64393D4711}.Debug|Any CPU.Build.0 = Debug|Any CPU
		{99C73654-5BC1-4424-BDFE-CD64393D4711}.Release|Any CPU.ActiveCfg = Release|Any CPU
		{99C73654-5BC1-4424-BDFE-CD64393D4711}.Release|Any CPU.Build.0 = Release|Any CPU
		{7FF3F319-B718-4D88-A106-6AFD3A64B41B}.Debug|Any CPU.ActiveCfg = Debug|Any CPU
		{7FF3F319-B718-4D88-A106-6AFD3A64B41B}.Debug|Any CPU.Build.0 = Debug|Any CPU
		{7FF3F319-B718-4D88-A106-6AFD3A64B41B}.Release|Any CPU.ActiveCfg = Release|Any CPU
		{7FF3F319-B718-4D88-A106-6AFD3A64B41B}.Release|Any CPU.Build.0 = Release|Any CPU
		{E16663EE-BD6E-418B-AB95-845FFF8926CD}.Debug|Any CPU.ActiveCfg = Debug|Any CPU
		{E16663EE-BD6E-418B-AB95-845FFF8926CD}.Debug|Any CPU.Build.0 = Debug|Any CPU
		{E16663EE-BD6E-418B-AB95-845FFF8926CD}.Release|Any CPU.ActiveCfg = Release|Any CPU
		{E16663EE-BD6E-418B-AB95-845FFF8926CD}.Release|Any CPU.Build.0 = Release|Any CPU
		{6A48B75D-17D3-4F84-AD2C-62F30215B801}.Debug|Any CPU.ActiveCfg = Debug|Any CPU
		{6A48B75D-17D3-4F84-AD2C-62F30215B801}.Debug|Any CPU.Build.0 = Debug|Any CPU
		{6A48B75D-17D3-4F84-AD2C-62F30215B801}.Release|Any CPU.ActiveCfg = Release|Any CPU
		{6A48B75D-17D3-4F84-AD2C-62F30215B801}.Release|Any CPU.Build.0 = Release|Any CPU
	EndGlobalSection
	GlobalSection(SolutionProperties) = preSolution
		HideSolutionNode = FALSE
	EndGlobalSection
	GlobalSection(NestedProjects) = preSolution
		{F2D1D322-FC80-4C8B-8295-76FB71C61F50} = {C95A92EE-CD42-4A47-A16A-C2F9D28E8146}
		{97A5C291-8636-403B-B3D6-B2757ACD89B8} = {834EDD54-B5CF-4D3E-BA3B-B37CB47232E4}
		{1CCA2D19-8AE6-4B6F-894C-A54F8BDEAE03} = {834EDD54-B5CF-4D3E-BA3B-B37CB47232E4}
		{8CA1C3D5-30D4-43D0-964F-6BB5E2CAB526} = {834EDD54-B5CF-4D3E-BA3B-B37CB47232E4}
		{20AD95D6-D3A4-4A85-98D8-0C8740DC89A3} = {834EDD54-B5CF-4D3E-BA3B-B37CB47232E4}
		{C95A92EE-CD42-4A47-A16A-C2F9D28E8146} = {8CA1C3D5-30D4-43D0-964F-6BB5E2CAB526}
		{24C20A24-315C-4259-9BC5-C60600960ED0} = {1CCA2D19-8AE6-4B6F-894C-A54F8BDEAE03}
		{69D1C0B8-343E-4BB4-89F3-C3C300D5029C} = {20AD95D6-D3A4-4A85-98D8-0C8740DC89A3}
		{DD5147C7-B424-4DEA-8AAC-97372E3F5F01} = {69D1C0B8-343E-4BB4-89F3-C3C300D5029C}
		{8EA29A34-9DB6-412E-A785-54451BB60C5B} = {97A5C291-8636-403B-B3D6-B2757ACD89B8}
		{F97A8420-A83E-4BEF-A010-B8F3CA68683D} = {97A5C291-8636-403B-B3D6-B2757ACD89B8}
		{3F183CE2-543C-46C0-818F-BA6B3DEE6B93} = {20AD95D6-D3A4-4A85-98D8-0C8740DC89A3}
		{821CA1A5-0970-4603-B468-31131445F5AB} = {3F183CE2-543C-46C0-818F-BA6B3DEE6B93}
		{72EDC4BF-B0CE-4DFE-9D44-9F066728EBA6} = {97A5C291-8636-403B-B3D6-B2757ACD89B8}
		{A18C3A44-A43D-40F2-8827-9EF39DCD4879} = {20AD95D6-D3A4-4A85-98D8-0C8740DC89A3}
		{49210A7D-AAE6-4545-8B9B-3FA7B2A9247E} = {A18C3A44-A43D-40F2-8827-9EF39DCD4879}
		{9D3993E5-51EC-4DF4-8127-6B593938A3E3} = {20AD95D6-D3A4-4A85-98D8-0C8740DC89A3}
		{99C73654-5BC1-4424-BDFE-CD64393D4711} = {97A5C291-8636-403B-B3D6-B2757ACD89B8}
		{7FF3F319-B718-4D88-A106-6AFD3A64B41B} = {69D1C0B8-343E-4BB4-89F3-C3C300D5029C}
		{E16663EE-BD6E-418B-AB95-845FFF8926CD} = {69D1C0B8-343E-4BB4-89F3-C3C300D5029C}
		{39E04E67-C8A5-4D60-B4D3-17CDBD06E0B2} = {20AD95D6-D3A4-4A85-98D8-0C8740DC89A3}
		{6A48B75D-17D3-4F84-AD2C-62F30215B801} = {39E04E67-C8A5-4D60-B4D3-17CDBD06E0B2}
	EndGlobalSection
	GlobalSection(ExtensibilityGlobals) = postSolution
		SolutionGuid = {FB284CA3-22EC-4726-9266-3360A9F3C7BF}
	EndGlobalSection
EndGlobal
